
Microsoft Visual Studio Solution File, Format Version 12.00
# Visual Studio Version 17
VisualStudioVersion = 17.0.31903.59
MinimumVisualStudioVersion = 10.0.40219.1
Project("{2150E333-8FDC-42A3-9474-1A3956D46DE8}") = "src", "src", "{827E0CD3-B72D-47B6-A68D-7590B98EB39B}"
EndProject
Project("{FAE04EC0-301F-11D3-BF4B-00C04F79EFBC}") = "HUnityAutoTranslator.Core", "src\HUnityAutoTranslator.Core\HUnityAutoTranslator.Core.csproj", "{25138210-5A5C-4FD9-B607-5A10E1C5F424}"
EndProject
Project("{2150E333-8FDC-42A3-9474-1A3956D46DE8}") = "tests", "tests", "{0AB3BF05-4346-4AA6-1389-037BE0695223}"
EndProject
Project("{FAE04EC0-301F-11D3-BF4B-00C04F79EFBC}") = "HUnityAutoTranslator.Core.Tests", "tests\HUnityAutoTranslator.Core.Tests\HUnityAutoTranslator.Core.Tests.csproj", "{2396CDE7-CC7C-4C7D-9BC8-1D012057863A}"
EndProject
Project("{FAE04EC0-301F-11D3-BF4B-00C04F79EFBC}") = "HUnityAutoTranslator.Plugin", "src\HUnityAutoTranslator.Plugin\HUnityAutoTranslator.Plugin.csproj", "{AB32E9C2-B940-40A4-B7DD-E4BB817A8C33}"
EndProject
Project("{FAE04EC0-301F-11D3-BF4B-00C04F79EFBC}") = "HUnityAutoTranslator.Plugin.BepInEx5", "src\HUnityAutoTranslator.Plugin.BepInEx5\HUnityAutoTranslator.Plugin.BepInEx5.csproj", "{4EE74609-15B6-4066-A0F3-4631E77E78B8}"
EndProject
Project("{FAE04EC0-301F-11D3-BF4B-00C04F79EFBC}") = "HUnityAutoTranslator.Toolbox.Core", "src\HUnityAutoTranslator.Toolbox.Core\HUnityAutoTranslator.Toolbox.Core.csproj", "{AB2DFDCD-0149-458A-863A-6376653E4B18}"
EndProject
Project("{FAE04EC0-301F-11D3-BF4B-00C04F79EFBC}") = "HUnityAutoTranslator.Toolbox", "src\HUnityAutoTranslator.Toolbox\HUnityAutoTranslator.Toolbox.csproj", "{A00F27F1-65AD-4B22-BC8F-898174BC8676}"
EndProject
Global
	GlobalSection(SolutionConfigurationPlatforms) = preSolution
		Debug|Any CPU = Debug|Any CPU
		Debug|x64 = Debug|x64
		Debug|x86 = Debug|x86
		Release|Any CPU = Release|Any CPU
		Release|x64 = Release|x64
		Release|x86 = Release|x86
	EndGlobalSection
	GlobalSection(ProjectConfigurationPlatforms) = postSolution
		{25138210-5A5C-4FD9-B607-5A10E1C5F424}.Debug|Any CPU.ActiveCfg = Debug|Any CPU
		{25138210-5A5C-4FD9-B607-5A10E1C5F424}.Debug|Any CPU.Build.0 = Debug|Any CPU
		{25138210-5A5C-4FD9-B607-5A10E1C5F424}.Debug|x64.ActiveCfg = Debug|Any CPU
		{25138210-5A5C-4FD9-B607-5A10E1C5F424}.Debug|x64.Build.0 = Debug|Any CPU
		{25138210-5A5C-4FD9-B607-5A10E1C5F424}.Debug|x86.ActiveCfg = Debug|Any CPU
		{25138210-5A5C-4FD9-B607-5A10E1C5F424}.Debug|x86.Build.0 = Debug|Any CPU
		{25138210-5A5C-4FD9-B607-5A10E1C5F424}.Release|Any CPU.ActiveCfg = Release|Any CPU
		{25138210-5A5C-4FD9-B607-5A10E1C5F424}.Release|Any CPU.Build.0 = Release|Any CPU
		{25138210-5A5C-4FD9-B607-5A10E1C5F424}.Release|x64.ActiveCfg = Release|Any CPU
		{25138210-5A5C-4FD9-B607-5A10E1C5F424}.Release|x64.Build.0 = Release|Any CPU
		{25138210-5A5C-4FD9-B607-5A10E1C5F424}.Release|x86.ActiveCfg = Release|Any CPU
		{25138210-5A5C-4FD9-B607-5A10E1C5F424}.Release|x86.Build.0 = Release|Any CPU
		{2396CDE7-CC7C-4C7D-9BC8-1D012057863A}.Debug|Any CPU.ActiveCfg = Debug|Any CPU
		{2396CDE7-CC7C-4C7D-9BC8-1D012057863A}.Debug|Any CPU.Build.0 = Debug|Any CPU
		{2396CDE7-CC7C-4C7D-9BC8-1D012057863A}.Debug|x64.ActiveCfg = Debug|Any CPU
		{2396CDE7-CC7C-4C7D-9BC8-1D012057863A}.Debug|x64.Build.0 = Debug|Any CPU
		{2396CDE7-CC7C-4C7D-9BC8-1D012057863A}.Debug|x86.ActiveCfg = Debug|Any CPU
		{2396CDE7-CC7C-4C7D-9BC8-1D012057863A}.Debug|x86.Build.0 = Debug|Any CPU
		{2396CDE7-CC7C-4C7D-9BC8-1D012057863A}.Release|Any CPU.ActiveCfg = Release|Any CPU
		{2396CDE7-CC7C-4C7D-9BC8-1D012057863A}.Release|Any CPU.Build.0 = Release|Any CPU
		{2396CDE7-CC7C-4C7D-9BC8-1D012057863A}.Release|x64.ActiveCfg = Release|Any CPU
		{2396CDE7-CC7C-4C7D-9BC8-1D012057863A}.Release|x64.Build.0 = Release|Any CPU
		{2396CDE7-CC7C-4C7D-9BC8-1D012057863A}.Release|x86.ActiveCfg = Release|Any CPU
		{2396CDE7-CC7C-4C7D-9BC8-1D012057863A}.Release|x86.Build.0 = Release|Any CPU
		{AB32E9C2-B940-40A4-B7DD-E4BB817A8C33}.Debug|Any CPU.ActiveCfg = Debug|Any CPU
		{AB32E9C2-B940-40A4-B7DD-E4BB817A8C33}.Debug|Any CPU.Build.0 = Debug|Any CPU
		{AB32E9C2-B940-40A4-B7DD-E4BB817A8C33}.Debug|x64.ActiveCfg = Debug|Any CPU
		{AB32E9C2-B940-40A4-B7DD-E4BB817A8C33}.Debug|x64.Build.0 = Debug|Any CPU
		{AB32E9C2-B940-40A4-B7DD-E4BB817A8C33}.Debug|x86.ActiveCfg = Debug|Any CPU
		{AB32E9C2-B940-40A4-B7DD-E4BB817A8C33}.Debug|x86.Build.0 = Debug|Any CPU
		{AB32E9C2-B940-40A4-B7DD-E4BB817A8C33}.Release|Any CPU.ActiveCfg = Release|Any CPU
		{AB32E9C2-B940-40A4-B7DD-E4BB817A8C33}.Release|Any CPU.Build.0 = Release|Any CPU
		{AB32E9C2-B940-40A4-B7DD-E4BB817A8C33}.Release|x64.ActiveCfg = Release|Any CPU
		{AB32E9C2-B940-40A4-B7DD-E4BB817A8C33}.Release|x64.Build.0 = Release|Any CPU
		{AB32E9C2-B940-40A4-B7DD-E4BB817A8C33}.Release|x86.ActiveCfg = Release|Any CPU
		{AB32E9C2-B940-40A4-B7DD-E4BB817A8C33}.Release|x86.Build.0 = Release|Any CPU
		{4EE74609-15B6-4066-A0F3-4631E77E78B8}.Debug|Any CPU.ActiveCfg = Debug|Any CPU
		{4EE74609-15B6-4066-A0F3-4631E77E78B8}.Debug|Any CPU.Build.0 = Debug|Any CPU
		{4EE74609-15B6-4066-A0F3-4631E77E78B8}.Debug|x64.ActiveCfg = Debug|Any CPU
		{4EE74609-15B6-4066-A0F3-4631E77E78B8}.Debug|x64.Build.0 = Debug|Any CPU
		{4EE74609-15B6-4066-A0F3-4631E77E78B8}.Debug|x86.ActiveCfg = Debug|Any CPU
		{4EE74609-15B6-4066-A0F3-4631E77E78B8}.Debug|x86.Build.0 = Debug|Any CPU
		{4EE74609-15B6-4066-A0F3-4631E77E78B8}.Release|Any CPU.ActiveCfg = Release|Any CPU
		{4EE74609-15B6-4066-A0F3-4631E77E78B8}.Release|Any CPU.Build.0 = Release|Any CPU
		{4EE74609-15B6-4066-A0F3-4631E77E78B8}.Release|x64.ActiveCfg = Release|Any CPU
		{4EE74609-15B6-4066-A0F3-4631E77E78B8}.Release|x64.Build.0 = Release|Any CPU
		{4EE74609-15B6-4066-A0F3-4631E77E78B8}.Release|x86.ActiveCfg = Release|Any CPU
		{4EE74609-15B6-4066-A0F3-4631E77E78B8}.Release|x86.Build.0 = Release|Any CPU
		{AB2DFDCD-0149-458A-863A-6376653E4B18}.Debug|Any CPU.ActiveCfg = Debug|Any CPU
		{AB2DFDCD-0149-458A-863A-6376653E4B18}.Debug|Any CPU.Build.0 = Debug|Any CPU
		{AB2DFDCD-0149-458A-863A-6376653E4B18}.Debug|x64.ActiveCfg = Debug|Any CPU
		{AB2DFDCD-0149-458A-863A-6376653E4B18}.Debug|x64.Build.0 = Debug|Any CPU
		{AB2DFDCD-0149-458A-863A-6376653E4B18}.Debug|x86.ActiveCfg = Debug|Any CPU
		{AB2DFDCD-0149-458A-863A-6376653E4B18}.Debug|x86.Build.0 = Debug|Any CPU
		{AB2DFDCD-0149-458A-863A-6376653E4B18}.Release|Any CPU.ActiveCfg = Release|Any CPU
		{AB2DFDCD-0149-458A-863A-6376653E4B18}.Release|Any CPU.Build.0 = Release|Any CPU
		{AB2DFDCD-0149-458A-863A-6376653E4B18}.Release|x64.ActiveCfg = Release|Any CPU
		{AB2DFDCD-0149-458A-863A-6376653E4B18}.Release|x64.Build.0 = Release|Any CPU
		{AB2DFDCD-0149-458A-863A-6376653E4B18}.Release|x86.ActiveCfg = Release|Any CPU
		{AB2DFDCD-0149-458A-863A-6376653E4B18}.Release|x86.Build.0 = Release|Any CPU
		{A00F27F1-65AD-4B22-BC8F-898174BC8676}.Debug|Any CPU.ActiveCfg = Debug|Any CPU
		{A00F27F1-65AD-4B22-BC8F-898174BC8676}.Debug|Any CPU.Build.0 = Debug|Any CPU
		{A00F27F1-65AD-4B22-BC8F-898174BC8676}.Debug|x64.ActiveCfg = Debug|Any CPU
		{A00F27F1-65AD-4B22-BC8F-898174BC8676}.Debug|x64.Build.0 = Debug|Any CPU
		{A00F27F1-65AD-4B22-BC8F-898174BC8676}.Debug|x86.ActiveCfg = Debug|Any CPU
		{A00F27F1-65AD-4B22-BC8F-898174BC8676}.Debug|x86.Build.0 = Debug|Any CPU
		{A00F27F1-65AD-4B22-BC8F-898174BC8676}.Release|Any CPU.ActiveCfg = Release|Any CPU
		{A00F27F1-65AD-4B22-BC8F-898174BC8676}.Release|Any CPU.Build.0 = Release|Any CPU
		{A00F27F1-65AD-4B22-BC8F-898174BC8676}.Release|x64.ActiveCfg = Release|Any CPU
		{A00F27F1-65AD-4B22-BC8F-898174BC8676}.Release|x64.Build.0 = Release|Any CPU
		{A00F27F1-65AD-4B22-BC8F-898174BC8676}.Release|x86.ActiveCfg = Release|Any CPU
		{A00F27F1-65AD-4B22-BC8F-898174BC8676}.Release|x86.Build.0 = Release|Any CPU
	EndGlobalSection
	GlobalSection(SolutionProperties) = preSolution
		HideSolutionNode = FALSE
	EndGlobalSection
	GlobalSection(NestedProjects) = preSolution
		{25138210-5A5C-4FD9-B607-5A10E1C5F424} = {827E0CD3-B72D-47B6-A68D-7590B98EB39B}
		{2396CDE7-CC7C-4C7D-9BC8-1D012057863A} = {0AB3BF05-4346-4AA6-1389-037BE0695223}
		{AB32E9C2-B940-40A4-B7DD-E4BB817A8C33} = {827E0CD3-B72D-47B6-A68D-7590B98EB39B}
		{4EE74609-15B6-4066-A0F3-4631E77E78B8} = {827E0CD3-B72D-47B6-A68D-7590B98EB39B}
		{AB2DFDCD-0149-458A-863A-6376653E4B18} = {827E0CD3-B72D-47B6-A68D-7590B98EB39B}
		{A00F27F1-65AD-4B22-BC8F-898174BC8676} = {827E0CD3-B72D-47B6-A68D-7590B98EB39B}
	EndGlobalSection
EndGlobal
